
Microsoft Visual Studio Solution File, Format Version 12.00
# Visual Studio 2012
Project("{FAE04EC0-301F-11D3-BF4B-00C04F79EFBC}") = "MakarovDev.ExpandCollapsePanel", "MakarovDev.ExpandCollapsePanel\MakarovDev.ExpandCollapsePanel.csproj", "{BE76A6FE-225F-4287-9CA0-231F5AF4CDC1}"
EndProject
Global
	GlobalSection(SolutionConfigurationPlatforms) = preSolution
		Debug|Any CPU = Debug|Any CPU
		Release|Any CPU = Release|Any CPU
	EndGlobalSection
	GlobalSection(ProjectConfigurationPlatforms) = postSolution
		{BE76A6FE-225F-4287-9CA0-231F5AF4CDC1}.Debug|Any CPU.ActiveCfg = Debug|Any CPU
		{BE76A6FE-225F-4287-9CA0-231F5AF4CDC1}.Debug|Any CPU.Build.0 = Debug|Any CPU
		{BE76A6FE-225F-4287-9CA0-231F5AF4CDC1}.Release|Any CPU.ActiveCfg = Release|Any CPU
		{BE76A6FE-225F-4287-9CA0-231F5AF4CDC1}.Release|Any CPU.Build.0 = Release|Any CPU
	EndGlobalSection
	GlobalSection(SolutionProperties) = preSolution
		HideSolutionNode = FALSE
	EndGlobalSection
EndGlobal
